
Microsoft Visual Studio Solution File, Format Version 12.00
# Visual Studio Version 17
VisualStudioVersion = 17.5.33530.505
MinimumVisualStudioVersion = 10.0.40219.1
Project("{9A19103F-16F7-4668-BE54-9A1E7A4F7556}") = "Laboratorium1", "Laboratorium1\Laboratorium1.csproj", "{D4B2DB0D-908A-410E-AD0C-F12534E20FB9}"
EndProject
Project("{FAE04EC0-301F-11D3-BF4B-00C04F79EFBC}") = "ProstyKalkulator", "ProstyKalkulator\ProstyKalkulator.csproj", "{4968ADB0-A2DE-4C6A-B9E2-242BF8EF7CC0}"
EndProject
Global
	GlobalSection(SolutionConfigurationPlatforms) = preSolution
		Debug|Any CPU = Debug|Any CPU
		Release|Any CPU = Release|Any CPU
	EndGlobalSection
	GlobalSection(ProjectConfigurationPlatforms) = postSolution
		{D4B2DB0D-908A-410E-AD0C-F12534E20FB9}.Debug|Any CPU.ActiveCfg = Debug|Any CPU
		{D4B2DB0D-908A-410E-AD0C-F12534E20FB9}.Debug|Any CPU.Build.0 = Debug|Any CPU
		{D4B2DB0D-908A-410E-AD0C-F12534E20FB9}.Release|Any CPU.ActiveCfg = Release|Any CPU
		{D4B2DB0D-908A-410E-AD0C-F12534E20FB9}.Release|Any CPU.Build.0 = Release|Any CPU
		{4968ADB0-A2DE-4C6A-B9E2-242BF8EF7CC0}.Debug|Any CPU.ActiveCfg = Debug|Any CPU
		{4968ADB0-A2DE-4C6A-B9E2-242BF8EF7CC0}.Debug|Any CPU.Build.0 = Debug|Any CPU
		{4968ADB0-A2DE-4C6A-B9E2-242BF8EF7CC0}.Release|Any CPU.ActiveCfg = Release|Any CPU
		{4968ADB0-A2DE-4C6A-B9E2-242BF8EF7CC0}.Release|Any CPU.Build.0 = Release|Any CPU
	EndGlobalSection
	GlobalSection(SolutionProperties) = preSolution
		HideSolutionNode = FALSE
	EndGlobalSection
	GlobalSection(ExtensibilityGlobals) = postSolution
		SolutionGuid = {06A5A1B0-A1A0-4186-8E23-72A0DC8B4F31}
	EndGlobalSection
EndGlobal
