
Microsoft Visual Studio Solution File, Format Version 12.00
# Visual Studio Version 17
VisualStudioVersion = 17.5.33530.505
MinimumVisualStudioVersion = 10.0.40219.1
Project("{9A19103F-16F7-4668-BE54-9A1E7A4F7556}") = "Laboratorium1", "Laboratorium1\Laboratorium1.csproj", "{D4B2DB0D-908A-410E-AD0C-F12534E20FB9}"
EndProject
Project("{9A19103F-16F7-4668-BE54-9A1E7A4F7556}") = "ProstyKalkulator", "ProstyKalkulator\ProstyKalkulator.csproj", "{4968ADB0-A2DE-4C6A-B9E2-242BF8EF7CC0}"
EndProject
Project("{9A19103F-16F7-4668-BE54-9A1E7A4F7556}") = "Laboratorium2", "Laboratorium2\Laboratorium2.csproj", "{C89DD738-8FF3-4E42-8667-201F3E39EFF9}"
EndProject
Project("{9A19103F-16F7-4668-BE54-9A1E7A4F7556}") = "Laboratorium3", "Laboratorium3\Laboratorium3.csproj", "{17149D6D-1ADF-4746-9E4F-64DD77EF2F10}"
EndProject
Project("{9A19103F-16F7-4668-BE54-9A1E7A4F7556}") = "Laboratorium4", "Laboratorium4\Laboratorium4.csproj", "{A1763523-75FC-4373-97D8-B742BD77A83F}"
EndProject
Project("{9A19103F-16F7-4668-BE54-9A1E7A4F7556}") = "Laboratorium_Testy", "Laboratorium_Testy\Laboratorium_Testy.csproj", "{3C568C92-76A7-4DD7-8E18-238D52538392}"
EndProject
Project("{9A19103F-16F7-4668-BE54-9A1E7A4F7556}") = "Laboratorium5", "Laboratorium5\Laboratorium5.csproj", "{59A74B0D-A7C0-4CD6-A414-C94E1CA1F0A1}"
EndProject
Project("{9A19103F-16F7-4668-BE54-9A1E7A4F7556}") = "ProjektFinalny", "ProjektFinalny\ProjektFinalny.csproj", "{1B26B8C0-88C3-4FA8-8D23-69D2EBB697FD}"
EndProject
Project("{9A19103F-16F7-4668-BE54-9A1E7A4F7556}") = "ProjektFinalny.Tests", "ProjektFinalny.Tests\ProjektFinalny.Tests.csproj", "{E9B66FDB-EA3C-4511-9EAD-1329A22E71C7}"
EndProject
Project("{FAE04EC0-301F-11D3-BF4B-00C04F79EFBC}") = "Laboratorium7", "Laboratorium7\Laboratorium7.csproj", "{ACE430AD-A5F4-44C6-9DB9-44BD2FB39D3F}"
EndProject
Project("{FAE04EC0-301F-11D3-BF4B-00C04F79EFBC}") = "Kalkulator", "Kalkulator\Kalkulator.csproj", "{814CFCC6-E7CA-4DFF-B433-9E2EE2B162BB}"
EndProject
Global
	GlobalSection(SolutionConfigurationPlatforms) = preSolution
		Debug|Any CPU = Debug|Any CPU
		Release|Any CPU = Release|Any CPU
	EndGlobalSection
	GlobalSection(ProjectConfigurationPlatforms) = postSolution
		{D4B2DB0D-908A-410E-AD0C-F12534E20FB9}.Debug|Any CPU.ActiveCfg = Debug|Any CPU
		{D4B2DB0D-908A-410E-AD0C-F12534E20FB9}.Debug|Any CPU.Build.0 = Debug|Any CPU
		{D4B2DB0D-908A-410E-AD0C-F12534E20FB9}.Release|Any CPU.ActiveCfg = Release|Any CPU
		{D4B2DB0D-908A-410E-AD0C-F12534E20FB9}.Release|Any CPU.Build.0 = Release|Any CPU
		{4968ADB0-A2DE-4C6A-B9E2-242BF8EF7CC0}.Debug|Any CPU.ActiveCfg = Debug|Any CPU
		{4968ADB0-A2DE-4C6A-B9E2-242BF8EF7CC0}.Debug|Any CPU.Build.0 = Debug|Any CPU
		{4968ADB0-A2DE-4C6A-B9E2-242BF8EF7CC0}.Release|Any CPU.ActiveCfg = Release|Any CPU
		{4968ADB0-A2DE-4C6A-B9E2-242BF8EF7CC0}.Release|Any CPU.Build.0 = Release|Any CPU
		{C89DD738-8FF3-4E42-8667-201F3E39EFF9}.Debug|Any CPU.ActiveCfg = Debug|Any CPU
		{C89DD738-8FF3-4E42-8667-201F3E39EFF9}.Debug|Any CPU.Build.0 = Debug|Any CPU
		{C89DD738-8FF3-4E42-8667-201F3E39EFF9}.Release|Any CPU.ActiveCfg = Release|Any CPU
		{C89DD738-8FF3-4E42-8667-201F3E39EFF9}.Release|Any CPU.Build.0 = Release|Any CPU
		{17149D6D-1ADF-4746-9E4F-64DD77EF2F10}.Debug|Any CPU.ActiveCfg = Debug|Any CPU
		{17149D6D-1ADF-4746-9E4F-64DD77EF2F10}.Debug|Any CPU.Build.0 = Debug|Any CPU
		{17149D6D-1ADF-4746-9E4F-64DD77EF2F10}.Release|Any CPU.ActiveCfg = Release|Any CPU
		{17149D6D-1ADF-4746-9E4F-64DD77EF2F10}.Release|Any CPU.Build.0 = Release|Any CPU
		{A1763523-75FC-4373-97D8-B742BD77A83F}.Debug|Any CPU.ActiveCfg = Debug|Any CPU
		{A1763523-75FC-4373-97D8-B742BD77A83F}.Debug|Any CPU.Build.0 = Debug|Any CPU
		{A1763523-75FC-4373-97D8-B742BD77A83F}.Release|Any CPU.ActiveCfg = Release|Any CPU
		{A1763523-75FC-4373-97D8-B742BD77A83F}.Release|Any CPU.Build.0 = Release|Any CPU
		{3C568C92-76A7-4DD7-8E18-238D52538392}.Debug|Any CPU.ActiveCfg = Debug|Any CPU
		{3C568C92-76A7-4DD7-8E18-238D52538392}.Debug|Any CPU.Build.0 = Debug|Any CPU
		{3C568C92-76A7-4DD7-8E18-238D52538392}.Release|Any CPU.ActiveCfg = Release|Any CPU
		{3C568C92-76A7-4DD7-8E18-238D52538392}.Release|Any CPU.Build.0 = Release|Any CPU
		{59A74B0D-A7C0-4CD6-A414-C94E1CA1F0A1}.Debug|Any CPU.ActiveCfg = Debug|Any CPU
		{59A74B0D-A7C0-4CD6-A414-C94E1CA1F0A1}.Debug|Any CPU.Build.0 = Debug|Any CPU
		{59A74B0D-A7C0-4CD6-A414-C94E1CA1F0A1}.Release|Any CPU.ActiveCfg = Release|Any CPU
		{59A74B0D-A7C0-4CD6-A414-C94E1CA1F0A1}.Release|Any CPU.Build.0 = Release|Any CPU
		{1B26B8C0-88C3-4FA8-8D23-69D2EBB697FD}.Debug|Any CPU.ActiveCfg = Debug|Any CPU
		{1B26B8C0-88C3-4FA8-8D23-69D2EBB697FD}.Debug|Any CPU.Build.0 = Debug|Any CPU
		{1B26B8C0-88C3-4FA8-8D23-69D2EBB697FD}.Release|Any CPU.ActiveCfg = Release|Any CPU
		{1B26B8C0-88C3-4FA8-8D23-69D2EBB697FD}.Release|Any CPU.Build.0 = Release|Any CPU
		{E9B66FDB-EA3C-4511-9EAD-1329A22E71C7}.Debug|Any CPU.ActiveCfg = Debug|Any CPU
		{E9B66FDB-EA3C-4511-9EAD-1329A22E71C7}.Debug|Any CPU.Build.0 = Debug|Any CPU
		{E9B66FDB-EA3C-4511-9EAD-1329A22E71C7}.Release|Any CPU.ActiveCfg = Release|Any CPU
		{E9B66FDB-EA3C-4511-9EAD-1329A22E71C7}.Release|Any CPU.Build.0 = Release|Any CPU
		{ACE430AD-A5F4-44C6-9DB9-44BD2FB39D3F}.Debug|Any CPU.ActiveCfg = Debug|Any CPU
		{ACE430AD-A5F4-44C6-9DB9-44BD2FB39D3F}.Debug|Any CPU.Build.0 = Debug|Any CPU
		{ACE430AD-A5F4-44C6-9DB9-44BD2FB39D3F}.Release|Any CPU.ActiveCfg = Release|Any CPU
		{ACE430AD-A5F4-44C6-9DB9-44BD2FB39D3F}.Release|Any CPU.Build.0 = Release|Any CPU
		{814CFCC6-E7CA-4DFF-B433-9E2EE2B162BB}.Debug|Any CPU.ActiveCfg = Debug|Any CPU
		{814CFCC6-E7CA-4DFF-B433-9E2EE2B162BB}.Debug|Any CPU.Build.0 = Debug|Any CPU
		{814CFCC6-E7CA-4DFF-B433-9E2EE2B162BB}.Release|Any CPU.ActiveCfg = Release|Any CPU
		{814CFCC6-E7CA-4DFF-B433-9E2EE2B162BB}.Release|Any CPU.Build.0 = Release|Any CPU
	EndGlobalSection
	GlobalSection(SolutionProperties) = preSolution
		HideSolutionNode = FALSE
	EndGlobalSection
	GlobalSection(ExtensibilityGlobals) = postSolution
		SolutionGuid = {06A5A1B0-A1A0-4186-8E23-72A0DC8B4F31}
	EndGlobalSection
EndGlobal
